# This file is autogenerated, do not edit; changes may be undone by the next 'dep ensure'.


[[projects]]
  digest = "1:8792ec0f7f62024e10bcf3292af5e5a4aea113894516c13593705ef0c6e52c09"
  name = "github.com/line/line-bot-sdk-go"
  packages = ["linebot"]
  pruneopts = "UT"
  revision = "a4adc5b5b1b35a40263326aec989b5b5a6221aff"
  version = "v5.0.0"

[solve-meta]
  analyzer-name = "dep"
  analyzer-version = 1
  input-imports = ["github.com/line/line-bot-sdk-go/linebot"]
  solver-name = "gps-cdcl"
  solver-version = 1
